github.com/aws/aws-sdk-go-v2 v1.37.2 h1:xkW1iMYawzcmYFYEV0UCMxc8gSsjCGEhBXQkdQywVbo=
github.com/aws/aws-sdk-go-v2 v1.37.2/go.mod h1:9Q0OoGQoboYIAJyslFyF1f5K1Ryddop8gqMhWx/n4Wg=
github.com/aws/aws-sdk-go-v2/aws/protocol/eventstream v1.7.13 h1:p1BBrg/Hhp6uK7zpejeI8QFXHJeC/mynzi04Sl03k9g=
github.com/aws/aws-sdk-go-v2/aws/protocol/eventstream v1.7.13/go.mod h1:8cIfkE9MDhkRZGpQ22aV6/lkYeYSozpz16Smrs5x4Ls=
github.com/aws/aws-sdk-go-v2/config v1.30.3 h1:utupeVnE3bmB221W08P0Moz1lDI3OwYa2fBtUhl7TCc=
github.com/aws/aws-sdk-go-v2/config v1.30.3/go.mod h1:NDGwOEBdpyZwLPlQkpKIO7frf18BW8PaCmAM9iUxQmI=
github.com/aws/aws-sdk-go-v2/credentials v1.18.3 h1:ptfyXmv+ooxzFwyuBth0yqABcjVIkjDL0iTYZBSbum8=
github.com/aws/aws-sdk-go-v2/credentials v1.18.3/go.mod h1:Q43Nci++Wohb0qUh4m54sNln0dbxJw8PvQWkrwOkGOI=
github.com/aws/aws-sdk-go-v2/feature/ec2/imds v1.18.2 h1:nRniHAvjFJGUCl04F3WaAj7qp/rcz5Gi1OVoj5ErBkc=
github.com/aws/aws-sdk-go-v2/feature/ec2/imds v1.18.2/go.mod h1:eJDFKAMHHUvv4a0Zfa7bQb//wFNUXGrbFpYRCHe2kD0=
github.com/aws/aws-sdk-go-v2/internal/configsources v1.4.2 h1:sPiRHLVUIIQcoVZTNwqQcdtjkqkPopyYmIX0M5ElRf4=
github.com/aws/aws-sdk-go-v2/internal/configsources v1.4.2/go.mod h1:ik86P3sgV+Bk7c1tBFCwI3VxMoSEwl4YkRB9xn1s340=
github.com/aws/aws-sdk-go-v2/internal/endpoints/v2 v2.7.2 h1:ZdzDAg075H6stMZtbD2o+PyB933M/f20e9WmCBC17wA=
github.com/aws/aws-sdk-go-v2/internal/endpoints/v2 v2.7.2/go.mod h1:eE1IIzXG9sdZCB0pNNpMpsYTLl4YdOQD3njiVN1e/E4=
github.com/aws/aws-sdk-go-v2/internal/ini v1.8.3 h1:bIqFDwgGXXN1Kpp99pDOdKMTTb5d2KyU5X/BZxjOkRo=
github.com/aws/aws-sdk-go-v2/internal/ini v1.8.3/go.mod h1:H5O/EsxDWyU+LP/V8i5sm8cxoZgc2fdNR9bxlOFrQTo=
github.com/aws/aws-sdk-go-v2/internal/v4a v1.4.2 h1:sBpc8Ph6CpfZsEdkz/8bfg8WhKlWMCms5iWj6W/AW2U=
github.com/aws/aws-sdk-go-v2/internal/v4a v1.4.2/go.mod h1:Z2lDojZB+92Wo6EKiZZmJid9pPrDJW2NNIXSlaEfVlU=
github.com/aws/aws-sdk-go-v2/service/internal/accept-encoding v1.13.12 h1:ZD2+BSw9vFsNlKYIasSNt3uDbjqqXIBcM13UJv/Lx2k=
github.com/aws/aws-sdk-go-v2/service/internal/accept-encoding v1.13.12/go.mod h1:Ms4zlcVBbXbiP7EVLhl+lgjvA/a7YphqQ3Ih3174EmI=
github.com/aws/aws-sdk-go-v2/service/internal/checksum v1.8.2 h1:blV3dY6WbxIVOFggfYIo2E1Q2lZoy5imS7nKgu5m6Tc=
github.com/aws/aws-sdk-go-v2/service/internal/checksum v1.8.2/go.mod h1:cBWNeLBjHJRSmXAxdS7mwiMUEgx6zup4wQ9J+/PcsRQ=
github.com/aws/aws-sdk-go-v2/service/internal/presigned-url v1.13.2 h1:oxmDEO14NBZJbK/M8y3brhMFEIGN4j8a6Aq8eY0sqlo=
github.com/aws/aws-sdk-go-v2/service/internal/presigned-url v1.13.2/go.mod h1:4hH+8QCrk1uRWDPsVfsNDUup3taAjO8Dnx63au7smAU=
github.com/aws/aws-sdk-go-v2/service/internal/s3shared v1.19.2 h1:0hBNFAPwecERLzkhhBY+lQKUMpXSKVv4Sxovikrioms=
github.com/aws/aws-sdk-go-v2/service/internal/s3shared v1.19.2/go.mod h1:Vcnh4KyR4imrrjGN7A2kP2v9y6EPudqoPKXtnmBliPU=
github.com/aws/aws-sdk-go-v2/service/s3 v1.85.1 h1:Hsqo8+dFxSdDvv9B2PgIx1AJAnDpqgS0znVI+R+MoGY=
github.com/aws/aws-sdk-go-v2/service/s3 v1.85.1/go.mod h1:8Q0TAPXD68Z8YqlcIGHs/UNIDHsxErV9H4dl4vJEpgw=
github.com/aws/aws-sdk-go-v2/service/sso v1.27.0 h1:j7/jTOjWeJDolPwZ/J4yZ7dUsxsWZEsxNwH5O7F8eEA=
github.com/aws/aws-sdk-go-v2/service/sso v1.27.0/go.mod h1:M0xdEPQtgpNT7kdAX4/vOAPkFj60hSQRb7TvW9B0iug=
github.com/aws/aws-sdk-go-v2/service/ssooidc v1.32.0 h1:ywQF2N4VjqX+Psw+jLjMmUL2g1RDHlvri3NxHA08MGI=
github.com/aws/aws-sdk-go-v2/service/ssooidc v1.32.0/go.mod h1:Z+qv5Q6b7sWiclvbJyPSOT1BRVU9wfSUPaqQzZ1Xg3E=
github.com/aws/aws-sdk-go-v2/service/sts v1.36.0 h1:bRP/a9llXSSgDPk7Rqn5GD/DQCGo6uk95plBFKoXt2M=
github.com/aws/aws-sdk-go-v2/service/sts v1.36.0/go.mod h1:tgBsFzxwl65BWkuJ/x2EUs59bD4SfYKgikvFDJi1S58=
github.com/aws/smithy-go v1.27.1 h1:4T340VFndXtADGF52gYa1POyL7s9E4Z1OeZ1hCscIw8=
github.com/aws/smithy-go v1.27.1/go.mod h1:YE2RhdIuDbA5E5bTdciG9KrW3+TiEONeUWCqxX9i1Fc=
github.com/cpuguy83/go-md2man/v2 v2.0.4/go.mod h1:tgQtvFlXSQOSOSIRvRPT7W67SCa46tRHOmNcaadrF8o=
github.com/creack/pty v1.1.9/go.mod h1:oKZEueFk5CKHvIhNR5MUki03XCEU+Q6VDXinZuGJ33E=
github.com/inconshreveable/mousetrap v1.1.0 h1:wN+x4NVGpMsO7ErUn/mUI3vEoE6Jt13X2s0bqwp9tc8=
github.com/inconshreveable/mousetrap v1.1.0/go.mod h1:vpF70FUmC8bwa3OWnCshd2FqLfsEA9PFc4w1p2J65bw=
github.com/kr/pretty v0.3.1 h1:flRD4NNwYAUpkphVc1HcthR4KEIFJ65n8Mw5qdRn3LE=
github.com/kr/pretty v0.3.1/go.mod h1:hoEshYVHaxMs3cyo3Yncou5ZscifuDolrwPKZanG3xk=
github.com/kr/text v0.2.0 h1:5Nx0Ya0ZqY2ygV366QzturHI13Jq95ApcVaJBhpS+AY=
github.com/kr/text v0.2.0/go.mod h1:eLer722TekiGuMkidMxC/pM04lWEeraHUUmBw8l2grE=
github.com/pkg/diff v0.0.0-20210226163009-20ebb0f2a09e/go.mod h1:pJLUxLENpZxwdsKMEsNbx1VGcRFpLqf3715MtcvvzbA=
github.com/rogpeppe/go-internal v1.9.0 h1:73kH8U+JUqXU8lRuOHeVHaa/SZPifC7BkcraZVejAe8=
github.com/rogpeppe/go-internal v1.9.0/go.mod h1:WtVeX8xhTBvf0smdhujwtBcq4Qrzq/fJaraNFVN+nFs=
github.com/russross/blackfriday/v2 v2.1.0/go.mod h1:+Rmxgy9KzJVeS9/2gXHxylqXiyQDYRxCVz55jmeOWTM=
github.com/spf13/cobra v1.8.1 h1:e5/vxKd/rZsfSJMUX1agtjeTDf+qv1/JdBF8gg5k9ZM=
github.com/spf13/cobra v1.8.1/go.mod h1:wHxEcudfqmLYa8iTfL+OuZPbBZkmvliBWKIezN3kD9Y=
github.com/spf13/pflag v1.0.5 h1:iy+VFUOCP1a+8yFto/drg2CJ5u0yRoB7fZw3DKv/JXA=
github.com/spf13/pflag v1.0.5/go.mod h1:McXfInJRrz4CZXVZOBLb0bTZqETkiAhM9Iw0y3An2Bg=
gopkg.in/check.v1 v0.0.0-20161208181325-20d25e280405/go.mod h1:Co6ibVJAznAaIkqp8huTwlJQCZ016jof/cbN4VW5Yz0=
gopkg.in/check.v1 v1.0.0-20190902080502-41f04d3bba15 h1:YR8cESwS4TdDjEe65xsg0ogRM/Nc3DYOhEAlW+xobZo=
gopkg.in/check.v1 v1.0.0-20190902080502-41f04d3bba15/go.mod h1:Co6ibVJAznAaIkqp8huTwlJQCZ016jof/cbN4VW5Yz0=
gopkg.in/yaml.v3 v3.0.1 h1:fxVm/GzAzEWqLHuvctI91KS9hhNmmWOoWu0XTYJS7CA=
gopkg.in/yaml.v3 v3.0.1/go.mod h1:K4uyk7z7BCEPqu6E+C64Yfv1cQ7kz7rIZviUmN+EgEM=
